
Microsoft Visual Studio Solution File, Format Version 12.00
# Visual Studio Version 17
VisualStudioVersion = 17.5.33516.290
MinimumVisualStudioVersion = 10.0.40219.1
Project("{FAE04EC0-301F-11D3-BF4B-00C04F79EFBC}") = "TransporteWebApi", "TransporteWebApi\TransporteWebApi.csproj", "{C760186A-493F-4614-8EBE-3BE54DC24942}"
EndProject
Project("{FAE04EC0-301F-11D3-BF4B-00C04F79EFBC}") = "Infraestructure", "Infraestructure\Infraestructure.csproj", "{B7F43BBF-2C13-4E9C-A070-59B6D5C2AD82}"
EndProject
Project("{FAE04EC0-301F-11D3-BF4B-00C04F79EFBC}") = "Domain", "Domain\Domain.csproj", "{C9C9B4E6-87BB-4277-BCD8-D377410CCB29}"
EndProject
Project("{FAE04EC0-301F-11D3-BF4B-00C04F79EFBC}") = "Application", "Application\Application.csproj", "{B7A72DB2-C78C-43C6-8370-0C9DE25DAB3B}"
EndProject
Global
	GlobalSection(SolutionConfigurationPlatforms) = preSolution
		Debug|Any CPU = Debug|Any CPU
		Release|Any CPU = Release|Any CPU
	EndGlobalSection
	GlobalSection(ProjectConfigurationPlatforms) = postSolution
		{C760186A-493F-4614-8EBE-3BE54DC24942}.Debug|Any CPU.ActiveCfg = Debug|Any CPU
		{C760186A-493F-4614-8EBE-3BE54DC24942}.Debug|Any CPU.Build.0 = Debug|Any CPU
		{C760186A-493F-4614-8EBE-3BE54DC24942}.Release|Any CPU.ActiveCfg = Release|Any CPU
		{C760186A-493F-4614-8EBE-3BE54DC24942}.Release|Any CPU.Build.0 = Release|Any CPU
		{B7F43BBF-2C13-4E9C-A070-59B6D5C2AD82}.Debug|Any CPU.ActiveCfg = Debug|Any CPU
		{B7F43BBF-2C13-4E9C-A070-59B6D5C2AD82}.Debug|Any CPU.Build.0 = Debug|Any CPU
		{B7F43BBF-2C13-4E9C-A070-59B6D5C2AD82}.Release|Any CPU.ActiveCfg = Release|Any CPU
		{B7F43BBF-2C13-4E9C-A070-59B6D5C2AD82}.Release|Any CPU.Build.0 = Release|Any CPU
		{C9C9B4E6-87BB-4277-BCD8-D377410CCB29}.Debug|Any CPU.ActiveCfg = Debug|Any CPU
		{C9C9B4E6-87BB-4277-BCD8-D377410CCB29}.Debug|Any CPU.Build.0 = Debug|Any CPU
		{C9C9B4E6-87BB-4277-BCD8-D377410CCB29}.Release|Any CPU.ActiveCfg = Release|Any CPU
		{C9C9B4E6-87BB-4277-BCD8-D377410CCB29}.Release|Any CPU.Build.0 = Release|Any CPU
		{B7A72DB2-C78C-43C6-8370-0C9DE25DAB3B}.Debug|Any CPU.ActiveCfg = Debug|Any CPU
		{B7A72DB2-C78C-43C6-8370-0C9DE25DAB3B}.Debug|Any CPU.Build.0 = Debug|Any CPU
		{B7A72DB2-C78C-43C6-8370-0C9DE25DAB3B}.Release|Any CPU.ActiveCfg = Release|Any CPU
		{B7A72DB2-C78C-43C6-8370-0C9DE25DAB3B}.Release|Any CPU.Build.0 = Release|Any CPU
	EndGlobalSection
	GlobalSection(SolutionProperties) = preSolution
		HideSolutionNode = FALSE
	EndGlobalSection
	GlobalSection(ExtensibilityGlobals) = postSolution
		SolutionGuid = {3B520CB3-2A51-4FDB-BBE0-9003509EEB8C}
	EndGlobalSection
EndGlobal
